
Microsoft Visual Studio Solution File, Format Version 12.00
# Visual Studio 15
VisualStudioVersion = 15.0.27130.2027
MinimumVisualStudioVersion = 10.0.40219.1
Project("{FAE04EC0-301F-11D3-BF4B-00C04F79EFBC}") = "DockerNetSample", "DockerNetSample\DockerNetSample.csproj", "{3831796B-33B1-4628-BD53-3B380F92A2ED}"
EndProject
Global
	GlobalSection(SolutionConfigurationPlatforms) = preSolution
		Debug|Any CPU = Debug|Any CPU
		Release|Any CPU = Release|Any CPU
	EndGlobalSection
	GlobalSection(ProjectConfigurationPlatforms) = postSolution
		{3831796B-33B1-4628-BD53-3B380F92A2ED}.Debug|Any CPU.ActiveCfg = Debug|Any CPU
		{3831796B-33B1-4628-BD53-3B380F92A2ED}.Debug|Any CPU.Build.0 = Debug|Any CPU
		{3831796B-33B1-4628-BD53-3B380F92A2ED}.Release|Any CPU.ActiveCfg = Release|Any CPU
		{3831796B-33B1-4628-BD53-3B380F92A2ED}.Release|Any CPU.Build.0 = Release|Any CPU
	EndGlobalSection
	GlobalSection(SolutionProperties) = preSolution
		HideSolutionNode = FALSE
	EndGlobalSection
	GlobalSection(ExtensibilityGlobals) = postSolution
		SolutionGuid = {A587CECC-4F25-4B3D-B85E-77A4AE2483BB}
	EndGlobalSection
EndGlobal
